
Microsoft Visual Studio Solution File, Format Version 12.00
# Visual Studio Version 17
VisualStudioVersion = 17.3.32825.248
MinimumVisualStudioVersion = 10.0.40219.1
Project("{FAE04EC0-301F-11D3-BF4B-00C04F79EFBC}") = "efCoreBase", "efCoreBase\efCoreBase.csproj", "{AEBEB577-A702-4531-908E-47B81607A833}"
EndProject
Project("{FAE04EC0-301F-11D3-BF4B-00C04F79EFBC}") = "DataAccess", "DataAccess\DataAccess.csproj", "{DCE0C5CE-7FB7-48C2-AE63-E2FED53129EE}"
EndProject
Global
	GlobalSection(SolutionConfigurationPlatforms) = preSolution
		Debug|Any CPU = Debug|Any CPU
		Release|Any CPU = Release|Any CPU
	EndGlobalSection
	GlobalSection(ProjectConfigurationPlatforms) = postSolution
		{AEBEB577-A702-4531-908E-47B81607A833}.Debug|Any CPU.ActiveCfg = Debug|Any CPU
		{AEBEB577-A702-4531-908E-47B81607A833}.Debug|Any CPU.Build.0 = Debug|Any CPU
		{AEBEB577-A702-4531-908E-47B81607A833}.Release|Any CPU.ActiveCfg = Release|Any CPU
		{AEBEB577-A702-4531-908E-47B81607A833}.Release|Any CPU.Build.0 = Release|Any CPU
		{DCE0C5CE-7FB7-48C2-AE63-E2FED53129EE}.Debug|Any CPU.ActiveCfg = Debug|Any CPU
		{DCE0C5CE-7FB7-48C2-AE63-E2FED53129EE}.Debug|Any CPU.Build.0 = Debug|Any CPU
		{DCE0C5CE-7FB7-48C2-AE63-E2FED53129EE}.Release|Any CPU.ActiveCfg = Release|Any CPU
		{DCE0C5CE-7FB7-48C2-AE63-E2FED53129EE}.Release|Any CPU.Build.0 = Release|Any CPU
	EndGlobalSection
	GlobalSection(SolutionProperties) = preSolution
		HideSolutionNode = FALSE
	EndGlobalSection
	GlobalSection(ExtensibilityGlobals) = postSolution
		SolutionGuid = {1581CD88-BCAD-4C5B-9949-1B4FBB550827}
	EndGlobalSection
EndGlobal
